// !$*UTF8*$!
{
	archiveVersion = 1;
	classes = {
	};
	objectVersion = 46;
	objects = {

/* Begin PBXBuildFile section */
		156572861C1FE976004EC23A /* AppDelegate.swift in Sources */ = {isa = PBXBuildFile; fileRef = 156572851C1FE976004EC23A /* AppDelegate.swift */; };
		156572881C1FE976004EC23A /* ViewController.swift in Sources */ = {isa = PBXBuildFile; fileRef = 156572871C1FE976004EC23A /* ViewController.swift */; };
		1565728B1C1FE976004EC23A /* Main.storyboard in Resources */ = {isa = PBXBuildFile; fileRef = 156572891C1FE976004EC23A /* Main.storyboard */; };
		1565728E1C1FE976004EC23A /* SwiftyAuthenticationUtils.xcdatamodeld in Sources */ = {isa = PBXBuildFile; fileRef = 1565728C1C1FE976004EC23A /* SwiftyAuthenticationUtils.xcdatamodeld */; };
		156572901C1FE976004EC23A /* Assets.xcassets in Resources */ = {isa = PBXBuildFile; fileRef = 1565728F1C1FE976004EC23A /* Assets.xcassets */; };
		156572931C1FE976004EC23A /* LaunchScreen.storyboard in Resources */ = {isa = PBXBuildFile; fileRef = 156572911C1FE976004EC23A /* LaunchScreen.storyboard */; };
		1565729E1C1FE976004EC23A /* SwiftyAuthenticationUtilsTests.swift in Sources */ = {isa = PBXBuildFile; fileRef = 1565729D1C1FE976004EC23A /* SwiftyAuthenticationUtilsTests.swift */; };
		156572A91C1FE976004EC23A /* SwiftyAuthenticationUtilsUITests.swift in Sources */ = {isa = PBXBuildFile; fileRef = 156572A81C1FE976004EC23A /* SwiftyAuthenticationUtilsUITests.swift */; };
/* End PBXBuildFile section */

/* Begin PBXContainerItemProxy section */
		1565729A1C1FE976004EC23A /* PBXContainerItemProxy */ = {
			isa = PBXContainerItemProxy;
			containerPortal = 1565727A1C1FE976004EC23A /* Project object */;
			proxyType = 1;
			remoteGlobalIDString = 156572811C1FE976004EC23A;
			remoteInfo = SwiftyAuthenticationUtils;
		};
		156572A51C1FE976004EC23A /* PBXContainerItemProxy */ = {
			isa = PBXContainerItemProxy;
			containerPortal = 1565727A1C1FE976004EC23A /* Project object */;
			proxyType = 1;
			remoteGlobalIDString = 156572811C1FE976004EC23A;
			remoteInfo = SwiftyAuthenticationUtils;
		};
/* End PBXContainerItemProxy section */

/* Begin PBXFileReference section */
		156572821C1FE976004EC23A /* SwiftyAuthenticationUtils.app */ = {isa = PBXFileReference; explicitFileType = wrapper.application; includeInIndex = 0; path = SwiftyAuthenticationUtils.app; sourceTree = BUILT_PRODUCTS_DIR; };
		156572851C1FE976004EC23A /* AppDelegate.swift */ = {isa = PBXFileReference; lastKnownFileType = sourcecode.swift; path = AppDelegate.swift; sourceTree = "<group>"; };
		156572871C1FE976004EC23A /* ViewController.swift */ = {isa = PBXFileReference; lastKnownFileType = sourcecode.swift; path = ViewController.swift; sourceTree = "<group>"; };
		1565728A1C1FE976004EC23A /* Base */ = {isa = PBXFileReference; lastKnownFileType = file.storyboard; name = Base; path = Base.lproj/Main.storyboard; sourceTree = "<group>"; };
		1565728D1C1FE976004EC23A /* SwiftyAuthenticationUtils.xcdatamodel */ = {isa = PBXFileReference; lastKnownFileType = wrapper.xcdatamodel; path = SwiftyAuthenticationUtils.xcdatamodel; sourceTree = "<group>"; };
		1565728F1C1FE976004EC23A /* Assets.xcassets */ = {isa = PBXFileReference; lastKnownFileType = folder.assetcatalog; path = Assets.xcassets; sourceTree = "<group>"; };
		156572921C1FE976004EC23A /* Base */ = {isa = PBXFileReference; lastKnownFileType = file.storyboard; name = Base; path = Base.lproj/LaunchScreen.storyboard; sourceTree = "<group>"; };
		156572941C1FE976004EC23A /* Info.plist */ = {isa = PBXFileReference; lastKnownFileType = text.plist.xml; path = Info.plist; sourceTree = "<group>"; };
		156572991C1FE976004EC23A /* SwiftyAuthenticationUtilsTests.xctest */ = {isa = PBXFileReference; explicitFileType = wrapper.cfbundle; includeInIndex = 0; path = SwiftyAuthenticationUtilsTests.xctest; sourceTree = BUILT_PRODUCTS_DIR; };
		1565729D1C1FE976004EC23A /* SwiftyAuthenticationUtilsTests.swift */ = {isa = PBXFileReference; lastKnownFileType = sourcecode.swift; path = SwiftyAuthenticationUtilsTests.swift; sourceTree = "<group>"; };
		1565729F1C1FE976004EC23A /* Info.plist */ = {isa = PBXFileReference; lastKnownFileType = text.plist.xml; path = Info.plist; sourceTree = "<group>"; };
		156572A41C1FE976004EC23A /* SwiftyAuthenticationUtilsUITests.xctest */ = {isa = PBXFileReference; explicitFileType = wrapper.cfbundle; includeInIndex = 0; path = SwiftyAuthenticationUtilsUITests.xctest; sourceTree = BUILT_PRODUCTS_DIR; };
		156572A81C1FE976004EC23A /* SwiftyAuthenticationUtilsUITests.swift */ = {isa = PBXFileReference; lastKnownFileType = sourcecode.swift; path = SwiftyAuthenticationUtilsUITests.swift; sourceTree = "<group>"; };
		156572AA1C1FE976004EC23A /* Info.plist */ = {isa = PBXFileReference; lastKnownFileType = text.plist.xml; path = Info.plist; sourceTree = "<group>"; };
/* End PBXFileReference section */

/* Begin PBXFrameworksBuildPhase section */
		1565727F1C1FE976004EC23A /* Frameworks */ = {
			isa = PBXFrameworksBuildPhase;
			buildActionMask = 2147483647;
			files = (
			);
			runOnlyForDeploymentPostprocessing = 0;
		};
		156572961C1FE976004EC23A /* Frameworks */ = {
			isa = PBXFrameworksBuildPhase;
			buildActionMask = 2147483647;
			files = (
			);
			runOnlyForDeploymentPostprocessing = 0;
		};
		156572A11C1FE976004EC23A /* Frameworks */ = {
			isa = PBXFrameworksBuildPhase;
			buildActionMask = 2147483647;
			files = (
			);
			runOnlyForDeploymentPostprocessing = 0;
		};
/* End PBXFrameworksBuildPhase section */

/* Begin PBXGroup section */
		156572791C1FE976004EC23A = {
			isa = PBXGroup;
			children = (
				156572841C1FE976004EC23A /* SwiftyAuthenticationUtils */,
				1565729C1C1FE976004EC23A /* SwiftyAuthenticationUtilsTests */,
				156572A71C1FE976004EC23A /* SwiftyAuthenticationUtilsUITests */,
				156572831C1FE976004EC23A /* Products */,
			);
			sourceTree = "<group>";
		};
		156572831C1FE976004EC23A /* Products */ = {
			isa = PBXGroup;
			children = (
				156572821C1FE976004EC23A /* SwiftyAuthenticationUtils.app */,
				156572991C1FE976004EC23A /* SwiftyAuthenticationUtilsTests.xctest */,
				156572A41C1FE976004EC23A /* SwiftyAuthenticationUtilsUITests.xctest */,
			);
			name = Products;
			sourceTree = "<group>";
		};
		156572841C1FE976004EC23A /* SwiftyAuthenticationUtils */ = {
			isa = PBXGroup;
			children = (
				156572851C1FE976004EC23A /* AppDelegate.swift */,
				156572871C1FE976004EC23A /* ViewController.swift */,
				156572891C1FE976004EC23A /* Main.storyboard */,
				1565728F1C1FE976004EC23A /* Assets.xcassets */,
				156572911C1FE976004EC23A /* LaunchScreen.storyboard */,
				156572941C1FE976004EC23A /* Info.plist */,
				1565728C1C1FE976004EC23A /* SwiftyAuthenticationUtils.xcdatamodeld */,
			);
			path = SwiftyAuthenticationUtils;
			sourceTree = "<group>";
		};
		1565729C1C1FE976004EC23A /* SwiftyAuthenticationUtilsTests */ = {
			isa = PBXGroup;
			children = (
				1565729D1C1FE976004EC23A /* SwiftyAuthenticationUtilsTests.swift */,
				1565729F1C1FE976004EC23A /* Info.plist */,
			);
			path = SwiftyAuthenticationUtilsTests;
			sourceTree = "<group>";
		};
		156572A71C1FE976004EC23A /* SwiftyAuthenticationUtilsUITests */ = {
			isa = PBXGroup;
			children = (
				156572A81C1FE976004EC23A /* SwiftyAuthenticationUtilsUITests.swift */,
				156572AA1C1FE976004EC23A /* Info.plist */,
			);
			path = SwiftyAuthenticationUtilsUITests;
			sourceTree = "<group>";
		};
/* End PBXGroup section */

/* Begin PBXNativeTarget section */
		156572811C1FE976004EC23A /* SwiftyAuthenticationUtils */ = {
			isa = PBXNativeTarget;
			buildConfigurationList = 156572AD1C1FE976004EC23A /* Build configuration list for PBXNativeTarget "SwiftyAuthenticationUtils" */;
			buildPhases = (
				1565727E1C1FE976004EC23A /* Sources */,
				1565727F1C1FE976004EC23A /* Frameworks */,
				156572801C1FE976004EC23A /* Resources */,
			);
			buildRules = (
			);
			dependencies = (
			);
			name = SwiftyAuthenticationUtils;
			productName = SwiftyAuthenticationUtils;
			productReference = 156572821C1FE976004EC23A /* SwiftyAuthenticationUtils.app */;
			productType = "com.apple.product-type.application";
		};
		156572981C1FE976004EC23A /* SwiftyAuthenticationUtilsTests */ = {
			isa = PBXNativeTarget;
			buildConfigurationList = 156572B01C1FE976004EC23A /* Build configuration list for PBXNativeTarget "SwiftyAuthenticationUtilsTests" */;
			buildPhases = (
				156572951C1FE976004EC23A /* Sources */,
				156572961C1FE976004EC23A /* Frameworks */,
				156572971C1FE976004EC23A /* Resources */,
			);
			buildRules = (
			);
			dependencies = (
				1565729B1C1FE976004EC23A /* PBXTargetDependency */,
			);
			name = SwiftyAuthenticationUtilsTests;
			productName = SwiftyAuthenticationUtilsTests;
			productReference = 156572991C1FE976004EC23A /* SwiftyAuthenticationUtilsTests.xctest */;
			productType = "com.apple.product-type.bundle.unit-test";
		};
		156572A31C1FE976004EC23A /* SwiftyAuthenticationUtilsUITests */ = {
			isa = PBXNativeTarget;
			buildConfigurationList = 156572B31C1FE976004EC23A /* Build configuration list for PBXNativeTarget "SwiftyAuthenticationUtilsUITests" */;
			buildPhases = (
				156572A01C1FE976004EC23A /* Sources */,
				156572A11C1FE976004EC23A /* Frameworks */,
				156572A21C1FE976004EC23A /* Resources */,
			);
			buildRules = (
			);
			dependencies = (
				156572A61C1FE976004EC23A /* PBXTargetDependency */,
			);
			name = SwiftyAuthenticationUtilsUITests;
			productName = SwiftyAuthenticationUtilsUITests;
			productReference = 156572A41C1FE976004EC23A /* SwiftyAuthenticationUtilsUITests.xctest */;
			productType = "com.apple.product-type.bundle.ui-testing";
		};
/* End PBXNativeTarget section */

/* Begin PBXProject section */
		1565727A1C1FE976004EC23A /* Project object */ = {
			isa = PBXProject;
			attributes = {
				LastSwiftUpdateCheck = 0720;
				LastUpgradeCheck = 0720;
				ORGANIZATIONNAME = "Sugam Kalra";
				TargetAttributes = {
					156572811C1FE976004EC23A = {
						CreatedOnToolsVersion = 7.2;
					};
					156572981C1FE976004EC23A = {
						CreatedOnToolsVersion = 7.2;
						TestTargetID = 156572811C1FE976004EC23A;
					};
					156572A31C1FE976004EC23A = {
						CreatedOnToolsVersion = 7.2;
						TestTargetID = 156572811C1FE976004EC23A;
					};
				};
			};
			buildConfigurationList = 1565727D1C1FE976004EC23A /* Build configuration list for PBXProject "SwiftyAuthenticationUtils" */;
			compatibilityVersion = "Xcode 3.2";
			developmentRegion = English;
			hasScannedForEncodings = 0;
			knownRegions = (
				en,
				Base,
			);
			mainGroup = 156572791C1FE976004EC23A;
			productRefGroup = 156572831C1FE976004EC23A /* Products */;
			projectDirPath = "";
			projectRoot = "";
			targets = (
				156572811C1FE976004EC23A /* SwiftyAuthenticationUtils */,
				156572981C1FE976004EC23A /* SwiftyAuthenticationUtilsTests */,
				156572A31C1FE976004EC23A /* SwiftyAuthenticationUtilsUITests */,
			);
		};
/* End PBXProject section */

/* Begin PBXResourcesBuildPhase section */
		156572801C1FE976004EC23A /* Resources */ = {
			isa = PBXResourcesBuildPhase;
			buildActionMask = 2147483647;
			files = (
				156572931C1FE976004EC23A /* LaunchScreen.storyboard in Resources */,
				156572901C1FE976004EC23A /* Assets.xcassets in Resources */,
				1565728B1C1FE976004EC23A /* Main.storyboard in Resources */,
			);
			runOnlyForDeploymentPostprocessing = 0;
		};
		156572971C1FE976004EC23A /* Resources */ = {
			isa = PBXResourcesBuildPhase;
			buildActionMask = 2147483647;
			files = (
			);
			runOnlyForDeploymentPostprocessing = 0;
		};
		156572A21C1FE976004EC23A /* Resources */ = {
			isa = PBXResourcesBuildPhase;
			buildActionMask = 2147483647;
			files = (
			);
			runOnlyForDeploymentPostprocessing = 0;
		};
/* End PBXResourcesBuildPhase section */

/* Begin PBXSourcesBuildPhase section */
		1565727E1C1FE976004EC23A /* Sources */ = {
			isa = PBXSourcesBuildPhase;
			buildActionMask = 2147483647;
			files = (
				1565728E1C1FE976004EC23A /* SwiftyAuthenticationUtils.xcdatamodeld in Sources */,
				156572881C1FE976004EC23A /* ViewController.swift in Sources */,
				156572861C1FE976004EC23A /* AppDelegate.swift in Sources */,
			);
			runOnlyForDeploymentPostprocessing = 0;
		};
		156572951C1FE976004EC23A /* Sources */ = {
			isa = PBXSourcesBuildPhase;
			buildActionMask = 2147483647;
			files = (
				1565729E1C1FE976004EC23A /* SwiftyAuthenticationUtilsTests.swift in Sources */,
			);
			runOnlyForDeploymentPostprocessing = 0;
		};
		156572A01C1FE976004EC23A /* Sources */ = {
			isa = PBXSourcesBuildPhase;
			buildActionMask = 2147483647;
			files = (
				156572A91C1FE976004EC23A /* SwiftyAuthenticationUtilsUITests.swift in Sources */,
			);
			runOnlyForDeploymentPostprocessing = 0;
		};
/* End PBXSourcesBuildPhase section */

/* Begin PBXTargetDependency section */
		1565729B1C1FE976004EC23A /* PBXTargetDependency */ = {
			isa = PBXTargetDependency;
			target = 156572811C1FE976004EC23A /* SwiftyAuthenticationUtils */;
			targetProxy = 1565729A1C1FE976004EC23A /* PBXContainerItemProxy */;
		};
		156572A61C1FE976004EC23A /* PBXTargetDependency */ = {
			isa = PBXTargetDependency;
			target = 156572811C1FE976004EC23A /* SwiftyAuthenticationUtils */;
			targetProxy = 156572A51C1FE976004EC23A /* PBXContainerItemProxy */;
		};
/* End PBXTargetDependency section */

/* Begin PBXVariantGroup section */
		156572891C1FE976004EC23A /* Main.storyboard */ = {
			isa = PBXVariantGroup;
			children = (
				1565728A1C1FE976004EC23A /* Base */,
			);
			name = Main.storyboard;
			sourceTree = "<group>";
		};
		156572911C1FE976004EC23A /* LaunchScreen.storyboard */ = {
			isa = PBXVariantGroup;
			children = (
				156572921C1FE976004EC23A /* Base */,
			);
			name = LaunchScreen.storyboard;
			sourceTree = "<group>";
		};
/* End PBXVariantGroup section */

/* Begin XCBuildConfiguration section */
		156572AB1C1FE976004EC23A /* Debug */ = {
			isa = XCBuildConfiguration;
			buildSettings = {
				ALWAYS_SEARCH_USER_PATHS = NO;
				CLANG_CXX_LANGUAGE_STANDARD = "gnu++0x";
				CLANG_CXX_LIBRARY = "libc++";
				CLANG_ENABLE_MODULES = YES;
				CLANG_ENABLE_OBJC_ARC = YES;
				CLANG_WARN_BOOL_CONVERSION = YES;
				CLANG_WARN_CONSTANT_CONVERSION = YES;
				CLANG_WARN_DIRECT_OBJC_ISA_USAGE = YES_ERROR;
				CLANG_WARN_EMPTY_BODY = YES;
				CLANG_WARN_ENUM_CONVERSION = YES;
				CLANG_WARN_INT_CONVERSION = YES;
				CLANG_WARN_OBJC_ROOT_CLASS = YES_ERROR;
				CLANG_WARN_UNREACHABLE_CODE = YES;
				CLANG_WARN__DUPLICATE_METHOD_MATCH = YES;
				"CODE_SIGN_IDENTITY[sdk=iphoneos*]" = "iPhone Developer";
				COPY_PHASE_STRIP = NO;
				DEBUG_INFORMATION_FORMAT = dwarf;
				ENABLE_STRICT_OBJC_MSGSEND = YES;
				ENABLE_TESTABILITY = YES;
				GCC_C_LANGUAGE_STANDARD = gnu99;
				GCC_DYNAMIC_NO_PIC = NO;
				GCC_NO_COMMON_BLOCKS = YES;
				GCC_OPTIMIZATION_LEVEL = 0;
				GCC_PREPROCESSOR_DEFINITIONS = (
					"DEBUG=1",
					"$(inherited)",
				);
				GCC_WARN_64_TO_32_BIT_CONVERSION = YES;
				GCC_WARN_ABOUT_RETURN_TYPE = YES_ERROR;
				GCC_WARN_UNDECLARED_SELECTOR = YES;
				GCC_WARN_UNINITIALIZED_AUTOS = YES_AGGRESSIVE;
				GCC_WARN_UNUSED_FUNCTION = YES;
				GCC_WARN_UNUSED_VARIABLE = YES;
				IPHONEOS_DEPLOYMENT_TARGET = 9.2;
				MTL_ENABLE_DEBUG_INFO = YES;
				ONLY_ACTIVE_ARCH = YES;
				SDKROOT = iphoneos;
				SWIFT_OPTIMIZATION_LEVEL = "-Onone";
			};
			name = Debug;
		};
		156572AC1C1FE976004EC23A /* Release */ = {
			isa = XCBuildConfiguration;
			buildSettings = {
				ALWAYS_SEARCH_USER_PATHS = NO;
				CLANG_CXX_LANGUAGE_STANDARD = "gnu++0x";
				CLANG_CXX_LIBRARY = "libc++";
				CLANG_ENABLE_MODULES = YES;
				CLANG_ENABLE_OBJC_ARC = YES;
				CLANG_WARN_BOOL_CONVERSION = YES;
				CLANG_WARN_CONSTANT_CONVERSION = YES;
				CLANG_WARN_DIRECT_OBJC_ISA_USAGE = YES_ERROR;
				CLANG_WARN_EMPTY_BODY = YES;
				CLANG_WARN_ENUM_CONVERSION = YES;
				CLANG_WARN_INT_CONVERSION = YES;
				CLANG_WARN_OBJC_ROOT_CLASS = YES_ERROR;
				CLANG_WARN_UNREACHABLE_CODE = YES;
				CLANG_WARN__DUPLICATE_METHOD_MATCH = YES;
				"CODE_SIGN_IDENTITY[sdk=iphoneos*]" = "iPhone Developer";
				COPY_PHASE_STRIP = NO;
				DEBUG_INFORMATION_FORMAT = "dwarf-with-dsym";
				ENABLE_NS_ASSERTIONS = NO;
				ENABLE_STRICT_OBJC_MSGSEND = YES;
				GCC_C_LANGUAGE_STANDARD = gnu99;
				GCC_NO_COMMON_BLOCKS = YES;
				GCC_WARN_64_TO_32_BIT_CONVERSION = YES;
				GCC_WARN_ABOUT_RETURN_TYPE = YES_ERROR;
				GCC_WARN_UNDECLARED_SELECTOR = YES;
				GCC_WARN_UNINITIALIZED_AUTOS = YES_AGGRESSIVE;
				GCC_WARN_UNUSED_FUNCTION = YES;
				GCC_WARN_UNUSED_VARIABLE = YES;
				IPHONEOS_DEPLOYMENT_TARGET = 9.2;
				MTL_ENABLE_DEBUG_INFO = NO;
				SDKROOT = iphoneos;
				VALIDATE_PRODUCT = YES;
			};
			name = Release;
		};
		156572AE1C1FE976004EC23A /* Debug */ = {
			isa = XCBuildConfiguration;
			buildSettings = {
				ASSETCATALOG_COMPILER_APPICON_NAME = AppIcon;
				INFOPLIST_FILE = SwiftyAuthenticationUtils/Info.plist;
				LD_RUNPATH_SEARCH_PATHS = "$(inherited) @executable_path/Frameworks";
				PRODUCT_BUNDLE_IDENTIFIER = com.Appirio.SwiftyAuthenticationUtils;
				PRODUCT_NAME = "$(TARGET_NAME)";
			};
			name = Debug;
		};
		156572AF1C1FE976004EC23A /* Release */ = {
			isa = XCBuildConfiguration;
			buildSettings = {
				ASSETCATALOG_COMPILER_APPICON_NAME = AppIcon;
				INFOPLIST_FILE = SwiftyAuthenticationUtils/Info.plist;
				LD_RUNPATH_SEARCH_PATHS = "$(inherited) @executable_path/Frameworks";
				PRODUCT_BUNDLE_IDENTIFIER = com.Appirio.SwiftyAuthenticationUtils;
				PRODUCT_NAME = "$(TARGET_NAME)";
			};
			name = Release;
		};
		156572B11C1FE976004EC23A /* Debug */ = {
			isa = XCBuildConfiguration;
			buildSettings = {
				BUNDLE_LOADER = "$(TEST_HOST)";
				INFOPLIST_FILE = SwiftyAuthenticationUtilsTests/Info.plist;
				LD_RUNPATH_SEARCH_PATHS = "$(inherited) @executable_path/Frameworks @loader_path/Frameworks";
				PRODUCT_BUNDLE_IDENTIFIER = com.Appirio.SwiftyAuthenticationUtilsTests;
				PRODUCT_NAME = "$(TARGET_NAME)";
				TEST_HOST = "$(BUILT_PRODUCTS_DIR)/SwiftyAuthenticationUtils.app/SwiftyAuthenticationUtils";
			};
			name = Debug;
		};
		156572B21C1FE976004EC23A /* Release */ = {
			isa = XCBuildConfiguration;
			buildSettings = {
				BUNDLE_LOADER = "$(TEST_HOST)";
				INFOPLIST_FILE = SwiftyAuthenticationUtilsTests/Info.plist;
				LD_RUNPATH_SEARCH_PATHS = "$(inherited) @executable_path/Frameworks @loader_path/Frameworks";
				PRODUCT_BUNDLE_IDENTIFIER = com.Appirio.SwiftyAuthenticationUtilsTests;
				PRODUCT_NAME = "$(TARGET_NAME)";
				TEST_HOST = "$(BUILT_PRODUCTS_DIR)/SwiftyAuthenticationUtils.app/SwiftyAuthenticationUtils";
			};
			name = Release;
		};
		156572B41C1FE976004EC23A /* Debug */ = {
			isa = XCBuildConfiguration;
			buildSettings = {
				INFOPLIST_FILE = SwiftyAuthenticationUtilsUITests/Info.plist;
				LD_RUNPATH_SEARCH_PATHS = "$(inherited) @executable_path/Frameworks @loader_path/Frameworks";
				PRODUCT_BUNDLE_IDENTIFIER = com.Appirio.SwiftyAuthenticationUtilsUITests;
				PRODUCT_NAME = "$(TARGET_NAME)";
				TEST_TARGET_NAME = SwiftyAuthenticationUtils;
				USES_XCTRUNNER = YES;
			};
			name = Debug;
		};
		156572B51C1FE976004EC23A /* Release */ = {
			isa = XCBuildConfiguration;
			buildSettings = {
				INFOPLIST_FILE = SwiftyAuthenticationUtilsUITests/Info.plist;
				LD_RUNPATH_SEARCH_PATHS = "$(inherited) @executable_path/Frameworks @loader_path/Frameworks";
				PRODUCT_BUNDLE_IDENTIFIER = com.Appirio.SwiftyAuthenticationUtilsUITests;
				PRODUCT_NAME = "$(TARGET_NAME)";
				TEST_TARGET_NAME = SwiftyAuthenticationUtils;
				USES_XCTRUNNER = YES;
			};
			name = Release;
		};
/* End XCBuildConfiguration section */

/* Begin XCConfigurationList section */
		1565727D1C1FE976004EC23A /* Build configuration list for PBXProject "SwiftyAuthenticationUtils" */ = {
			isa = XCConfigurationList;
			buildConfigurations = (
				156572AB1C1FE976004EC23A /* Debug */,
				156572AC1C1FE976004EC23A /* Release */,
			);
			defaultConfigurationIsVisible = 0;
			defaultConfigurationName = Release;
		};
		156572AD1C1FE976004EC23A /* Build configuration list for PBXNativeTarget "SwiftyAuthenticationUtils" */ = {
			isa = XCConfigurationList;
			buildConfigurations = (
				156572AE1C1FE976004EC23A /* Debug */,
				156572AF1C1FE976004EC23A /* Release */,
			);
			defaultConfigurationIsVisible = 0;
		};
		156572B01C1FE976004EC23A /* Build configuration list for PBXNativeTarget "SwiftyAuthenticationUtilsTests" */ = {
			isa = XCConfigurationList;
			buildConfigurations = (
				156572B11C1FE976004EC23A /* Debug */,
				156572B21C1FE976004EC23A /* Release */,
			);
			defaultConfigurationIsVisible = 0;
		};
		156572B31C1FE976004EC23A /* Build configuration list for PBXNativeTarget "SwiftyAuthenticationUtilsUITests" */ = {
			isa = XCConfigurationList;
			buildConfigurations = (
				156572B41C1FE976004EC23A /* Debug */,
				156572B51C1FE976004EC23A /* Release */,
			);
			defaultConfigurationIsVisible = 0;
		};
/* End XCConfigurationList section */

/* Begin XCVersionGroup section */
		1565728C1C1FE976004EC23A /* SwiftyAuthenticationUtils.xcdatamodeld */ = {
			isa = XCVersionGroup;
			children = (
				1565728D1C1FE976004EC23A /* SwiftyAuthenticationUtils.xcdatamodel */,
			);
			currentVersion = 1565728D1C1FE976004EC23A /* SwiftyAuthenticationUtils.xcdatamodel */;
			path = SwiftyAuthenticationUtils.xcdatamodeld;
			sourceTree = "<group>";
			versionGroupType = wrapper.xcdatamodel;
		};
/* End XCVersionGroup section */
	};
	rootObject = 1565727A1C1FE976004EC23A /* Project object */;
}
